PODS:
  - AppCenter (4.1.0):
    - AppCenter/Analytics (= 4.1.0)
    - AppCenter/Crashes (= 4.1.0)
  - AppCenter/Analytics (4.1.0):
    - AppCenter/Core
  - AppCenter/Core (4.1.0)
  - AppCenter/Crashes (4.1.0):
    - AppCenter/Core
  - Cartography (4.0.0)
  - Nimble (9.0.0)
  - Quick (3.0.0)

DEPENDENCIES:
  - AppCenter
  - Cartography
  - Nimble
  - Quick

SPEC REPOS:
  trunk:
    - AppCenter
    - Cartography
    - Nimble
    - Quick

SPEC CHECKSUMS:
  AppCenter: 8832b158d17e54845c3b88a91076218f0b07174d
  Cartography: c5626d29056b20f1e95c017326ee4df57cc39ad8
  Nimble: 3b4ec3fd40f1dc178058e0981107721c615643d8
  Quick: 6d9559f40647bc4d510103842ef2fdd882d753e2

PODFILE CHECKSUM: 7cb318a86beec43f889053547c5575f2acf5d045

COCOAPODS: 1.10.0
